
Microsoft Visual Studio Solution File, Format Version 12.00
# Visual Studio 14
VisualStudioVersion = 14.0.25123.0
MinimumVisualStudioVersion = 10.0.40219.1
Project("{FAE04EC0-301F-11D3-BF4B-00C04F79EFBC}") = "Letmebeyourbot", "Letmebeyourbot\Letmebeyourbot.csproj", "{EF89AEA9-AC38-4472-9E4B-15CA67A2B678}"
EndProject
Global
	GlobalSection(SolutionConfigurationPlatforms) = preSolution
		Debug|Any CPU = Debug|Any CPU
		Release|Any CPU = Release|Any CPU
	EndGlobalSection
	GlobalSection(ProjectConfigurationPlatforms) = postSolution
		{EF89AEA9-AC38-4472-9E4B-15CA67A2B678}.Debug|Any CPU.ActiveCfg = Debug|Any CPU
		{EF89AEA9-AC38-4472-9E4B-15CA67A2B678}.Debug|Any CPU.Build.0 = Debug|Any CPU
		{EF89AEA9-AC38-4472-9E4B-15CA67A2B678}.Release|Any CPU.ActiveCfg = Release|Any CPU
		{EF89AEA9-AC38-4472-9E4B-15CA67A2B678}.Release|Any CPU.Build.0 = Release|Any CPU
	EndGlobalSection
	GlobalSection(SolutionProperties) = preSolution
		HideSolutionNode = FALSE
	EndGlobalSection
EndGlobal
